PODS:
  - Alamofire (5.8.1)
  - AMSModule (0.1.0):
    - NetworkCore
  - NetworkCore (0.1.0):
    - Alamofire (~> 5.8.1)
    - Swinject
  - ReportingModule (0.1.0):
    - Alamofire (~> 5.8.1)
    - NetworkCore
  - RxCocoa (6.6.0):
    - RxRelay (= 6.6.0)
    - RxSwift (= 6.6.0)
  - RxRelay (6.6.0):
    - RxSwift (= 6.6.0)
  - RxSwift (6.6.0)
  - SideMenu (5.0.3)
  - SMSModule (0.1.0):
    - Alamofire (~> 5.8.1)
    - NetworkCore
  - SnapKit (5.6.0)
  - Swinject (2.8.3)

DEPENDENCIES:
  - Alamofire (~> 5.8.1)
  - AMSModule (from `./AMSModule`)
  - NetworkCore (from `./NetworkCore`)
  - ReportingModule (from `./ReportingModule`)
  - RxCocoa (= 6.6.0)
  - RxSwift (= 6.6.0)
  - SideMenu (~> 5.0)
  - SMSModule (from `./SMSModule`)
  - SnapKit
  - Swinject

SPEC REPOS:
  trunk:
    - Alamofire
    - RxCocoa
    - RxRelay
    - RxSwift
    - SideMenu
    - SnapKit
    - Swinject

EXTERNAL SOURCES:
  AMSModule:
    :path: "./AMSModule"
  NetworkCore:
    :path: "./NetworkCore"
  ReportingModule:
    :path: "./ReportingModule"
  SMSModule:
    :path: "./SMSModule"

SPEC CHECKSUMS:
  Alamofire: 3ca42e259043ee0dc5c0cdd76c4bc568b8e42af7
  AMSModule: 7f92fb781f578d10c0273bd9d1b1900325e0ba42
  NetworkCore: 2707ea8a07d291e4832888af61390700a68530d7
  ReportingModule: 57acd12c8fc27ca86f69bbbb8bd7b2f1c6356dc2
  RxCocoa: 44a80de90e25b739b5aeaae3c8c371a32e3343cc
  RxRelay: 45eaa5db8ee4fb50e5ebd57deec0159e97fa51e6
  RxSwift: a4b44f7d24599f674deebd1818eab82e58410632
  SideMenu: 1dcaabce84538c53325c287f7fe62999379a641c
  SMSModule: 2d2c136166485395043fea589374ace8dca9ff1a
  SnapKit: e01d52ebb8ddbc333eefe2132acf85c8227d9c25
  Swinject: 893c9a543000ac2f10ee4cbaf0933c6992c935d5

PODFILE CHECKSUM: 7aee7e429959635fff3700cfdf27c57c98d1b7d2

COCOAPODS: 1.13.0
