PODS:
  - Alamofire (5.8.1)
  - AMSModule (0.1.0):
    - Alamofire (~> 5.8.1)
    - CoreModule
  - CoreModule (0.1.0):
    - Alamofire (~> 5.8.1)
  - ReportingModule (0.1.0):
    - Alamofire (~> 5.8.1)
    - CoreModule
  - SMSModule (0.1.0):
    - Alamofire (~> 5.8.1)
    - CoreModule

DEPENDENCIES:
  - Alamofire (~> 5.8.1)
  - AMSModule (from `./AMSModule`)
  - CoreModule (from `./CoreModule`)
  - ReportingModule (from `./ReportingModule`)
  - SMSModule (from `./SMSModule`)

SPEC REPOS:
  trunk:
    - Alamofire

EXTERNAL SOURCES:
  AMSModule:
    :path: "./AMSModule"
  CoreModule:
    :path: "./CoreModule"
  ReportingModule:
    :path: "./ReportingModule"
  SMSModule:
    :path: "./SMSModule"

SPEC CHECKSUMS:
  Alamofire: 3ca42e259043ee0dc5c0cdd76c4bc568b8e42af7
  AMSModule: c05bda3dcbe5a5c6254ea23ceb93e08a5af85605
  CoreModule: bcc278b691dc85b1bbf789dea7008fe825402ee5
  ReportingModule: 67e5dc3c803895e74a0b4e9bc0062b0335b632cf
  SMSModule: 6bee8584d958051aaa2cd3b525f6b70063d4b156

PODFILE CHECKSUM: 0a567bbb98715cfb72822e0c8baf6a459fd6de14

COCOAPODS: 1.13.0
